
Microsoft Visual Studio Solution File, Format Version 12.00
# Visual Studio Version 16
VisualStudioVersion = 16.0.30002.166
MinimumVisualStudioVersion = 10.0.40219.1
Project("{FAE04EC0-301F-11D3-BF4B-00C04F79EFBC}") = "Azure-tp3", "Azure-tp3\Azure-tp3.csproj", "{A8FF7BB6-8E58-4DF5-8117-6021E494B4D7}"
EndProject
Global
	GlobalSection(SolutionConfigurationPlatforms) = preSolution
		Debug|Any CPU = Debug|Any CPU
		Release|Any CPU = Release|Any CPU
	EndGlobalSection
	GlobalSection(ProjectConfigurationPlatforms) = postSolution
		{A8FF7BB6-8E58-4DF5-8117-6021E494B4D7}.Debug|Any CPU.ActiveCfg = Debug|Any CPU
		{A8FF7BB6-8E58-4DF5-8117-6021E494B4D7}.Debug|Any CPU.Build.0 = Debug|Any CPU
		{A8FF7BB6-8E58-4DF5-8117-6021E494B4D7}.Release|Any CPU.ActiveCfg = Release|Any CPU
		{A8FF7BB6-8E58-4DF5-8117-6021E494B4D7}.Release|Any CPU.Build.0 = Release|Any CPU
	EndGlobalSection
	GlobalSection(SolutionProperties) = preSolution
		HideSolutionNode = FALSE
	EndGlobalSection
	GlobalSection(ExtensibilityGlobals) = postSolution
		SolutionGuid = {7255C99A-F2AC-4BE5-B18D-CA91532C40F1}
	EndGlobalSection
EndGlobal
